Microsoft Visual Studio Solution File, Format Version 13.00
# Visual Studio 2013
Project("{8BC9CEB8-8B4A-11D0-8D11-00A0C91BC942}") = "angle_common", "..\angle_common.vcxproj", "{5442C93D-0283-2C1B-09AE-11AC691C0A3C}"
	ProjectSection(ProjectDependencies) = postProject
		{71EF2F6B-6367-30FF-A8B3-392EBEDA26A2} = {71EF2F6B-6367-30FF-A8B3-392EBEDA26A2}
	EndProjectSection
EndProject
Project("{8BC9CEB8-8B4A-11D0-8D11-00A0C91BC942}") = "angle_deqp_decpp", "angle_deqp_decpp.vcxproj", "{31046A8F-B054-526F-B7F2-883D7C627972}"
	ProjectSection(ProjectDependencies) = postProject
		{529FEBEF-6E00-2E3D-12DB-B83B799FCD17} = {529FEBEF-6E00-2E3D-12DB-B83B799FCD17}
	EndProjectSection
EndProject
Project("{8BC9CEB8-8B4A-11D0-8D11-00A0C91BC942}") = "angle_deqp_libegl", "angle_deqp_libegl.vcxproj", "{9757F341-975F-7DDE-0DC2-CDBC960F8A2D}"
	ProjectSection(ProjectDependencies) = postProject
		{E87CD995-1677-8D29-7507-72DB129F9B1E} = {E87CD995-1677-8D29-7507-72DB129F9B1E}
		{31046A8F-B054-526F-B7F2-883D7C627972} = {31046A8F-B054-526F-B7F2-883D7C627972}
		{529FEBEF-6E00-2E3D-12DB-B83B799FCD17} = {529FEBEF-6E00-2E3D-12DB-B83B799FCD17}
		{A4FC257C-822E-24F0-7F94-A37F1B7F1AA8} = {A4FC257C-822E-24F0-7F94-A37F1B7F1AA8}
		{4C891E2F-BFA5-77AE-2222-8FD86CC3E542} = {4C891E2F-BFA5-77AE-2222-8FD86CC3E542}
		{B57040E7-2782-799E-836B-97555FA06277} = {B57040E7-2782-799E-836B-97555FA06277}
		{4EAA80DA-F8F8-25A8-6390-41B9A809FEFC} = {4EAA80DA-F8F8-25A8-6390-41B9A809FEFC}
		{5442C93D-0283-2C1B-09AE-11AC691C0A3C} = {5442C93D-0283-2C1B-09AE-11AC691C0A3C}
		{71EF2F6B-6367-30FF-A8B3-392EBEDA26A2} = {71EF2F6B-6367-30FF-A8B3-392EBEDA26A2}
		{04B0A7C9-29E3-04AD-68BB-FE4B767E4399} = {04B0A7C9-29E3-04AD-68BB-FE4B767E4399}
	EndProjectSection
EndProject
Project("{8BC9CEB8-8B4A-11D0-8D11-00A0C91BC942}") = "angle_deqp_libgles2", "angle_deqp_libgles2.vcxproj", "{CAC04879-B491-33AF-13D2-575FC5529FA9}"
	ProjectSection(ProjectDependencies) = postProject
		{E87CD995-1677-8D29-7507-72DB129F9B1E} = {E87CD995-1677-8D29-7507-72DB129F9B1E}
		{31046A8F-B054-526F-B7F2-883D7C627972} = {31046A8F-B054-526F-B7F2-883D7C627972}
		{529FEBEF-6E00-2E3D-12DB-B83B799FCD17} = {529FEBEF-6E00-2E3D-12DB-B83B799FCD17}
		{A4FC257C-822E-24F0-7F94-A37F1B7F1AA8} = {A4FC257C-822E-24F0-7F94-A37F1B7F1AA8}
		{4C891E2F-BFA5-77AE-2222-8FD86CC3E542} = {4C891E2F-BFA5-77AE-2222-8FD86CC3E542}
		{B57040E7-2782-799E-836B-97555FA06277} = {B57040E7-2782-799E-836B-97555FA06277}
		{4EAA80DA-F8F8-25A8-6390-41B9A809FEFC} = {4EAA80DA-F8F8-25A8-6390-41B9A809FEFC}
		{5442C93D-0283-2C1B-09AE-11AC691C0A3C} = {5442C93D-0283-2C1B-09AE-11AC691C0A3C}
		{71EF2F6B-6367-30FF-A8B3-392EBEDA26A2} = {71EF2F6B-6367-30FF-A8B3-392EBEDA26A2}
		{04B0A7C9-29E3-04AD-68BB-FE4B767E4399} = {04B0A7C9-29E3-04AD-68BB-FE4B767E4399}
	EndProjectSection
EndProject
Project("{8BC9CEB8-8B4A-11D0-8D11-00A0C91BC942}") = "angle_deqp_libgles3", "angle_deqp_libgles3.vcxproj", "{05D1C7D1-7C77-D31D-AE5F-0908B67A48EA}"
	ProjectSection(ProjectDependencies) = postProject
		{E87CD995-1677-8D29-7507-72DB129F9B1E} = {E87CD995-1677-8D29-7507-72DB129F9B1E}
		{31046A8F-B054-526F-B7F2-883D7C627972} = {31046A8F-B054-526F-B7F2-883D7C627972}
		{529FEBEF-6E00-2E3D-12DB-B83B799FCD17} = {529FEBEF-6E00-2E3D-12DB-B83B799FCD17}
		{A4FC257C-822E-24F0-7F94-A37F1B7F1AA8} = {A4FC257C-822E-24F0-7F94-A37F1B7F1AA8}
		{4C891E2F-BFA5-77AE-2222-8FD86CC3E542} = {4C891E2F-BFA5-77AE-2222-8FD86CC3E542}
		{B57040E7-2782-799E-836B-97555FA06277} = {B57040E7-2782-799E-836B-97555FA06277}
		{4EAA80DA-F8F8-25A8-6390-41B9A809FEFC} = {4EAA80DA-F8F8-25A8-6390-41B9A809FEFC}
		{5442C93D-0283-2C1B-09AE-11AC691C0A3C} = {5442C93D-0283-2C1B-09AE-11AC691C0A3C}
		{71EF2F6B-6367-30FF-A8B3-392EBEDA26A2} = {71EF2F6B-6367-30FF-A8B3-392EBEDA26A2}
		{04B0A7C9-29E3-04AD-68BB-FE4B767E4399} = {04B0A7C9-29E3-04AD-68BB-FE4B767E4399}
	EndProjectSection
EndProject
Project("{8BC9CEB8-8B4A-11D0-8D11-00A0C91BC942}") = "angle_deqp_libgles31", "angle_deqp_libgles31.vcxproj", "{584930F2-7FE0-6F1A-FD7B-3D2DA5A32F44}"
	ProjectSection(ProjectDependencies) = postProject
		{E87CD995-1677-8D29-7507-72DB129F9B1E} = {E87CD995-1677-8D29-7507-72DB129F9B1E}
		{31046A8F-B054-526F-B7F2-883D7C627972} = {31046A8F-B054-526F-B7F2-883D7C627972}
		{529FEBEF-6E00-2E3D-12DB-B83B799FCD17} = {529FEBEF-6E00-2E3D-12DB-B83B799FCD17}
		{A4FC257C-822E-24F0-7F94-A37F1B7F1AA8} = {A4FC257C-822E-24F0-7F94-A37F1B7F1AA8}
		{4C891E2F-BFA5-77AE-2222-8FD86CC3E542} = {4C891E2F-BFA5-77AE-2222-8FD86CC3E542}
		{B57040E7-2782-799E-836B-97555FA06277} = {B57040E7-2782-799E-836B-97555FA06277}
		{4EAA80DA-F8F8-25A8-6390-41B9A809FEFC} = {4EAA80DA-F8F8-25A8-6390-41B9A809FEFC}
		{5442C93D-0283-2C1B-09AE-11AC691C0A3C} = {5442C93D-0283-2C1B-09AE-11AC691C0A3C}
		{71EF2F6B-6367-30FF-A8B3-392EBEDA26A2} = {71EF2F6B-6367-30FF-A8B3-392EBEDA26A2}
		{04B0A7C9-29E3-04AD-68BB-FE4B767E4399} = {04B0A7C9-29E3-04AD-68BB-FE4B767E4399}
	EndProjectSection
EndProject
Project("{8BC9CEB8-8B4A-11D0-8D11-00A0C91BC942}") = "angle_deqp_libtester", "angle_deqp_libtester.vcxproj", "{E87CD995-1677-8D29-7507-72DB129F9B1E}"
	ProjectSection(ProjectDependencies) = postProject
		{529FEBEF-6E00-2E3D-12DB-B83B799FCD17} = {529FEBEF-6E00-2E3D-12DB-B83B799FCD17}
		{B57040E7-2782-799E-836B-97555FA06277} = {B57040E7-2782-799E-836B-97555FA06277}
	EndProjectSection
EndProject
Project("{8BC9CEB8-8B4A-11D0-8D11-00A0C91BC942}") = "angle_deqp_support", "angle_deqp_support.vcxproj", "{529FEBEF-6E00-2E3D-12DB-B83B799FCD17}"
EndProject
Project("{8BC9CEB8-8B4A-11D0-8D11-00A0C91BC942}") = "angle_image_util", "..\angle_image_util.vcxproj", "{94B3804A-224C-8CC9-144E-1B23A94AA7F8}"
EndProject
Project("{8BC9CEB8-8B4A-11D0-8D11-00A0C91BC942}") = "angle_libpng", "angle_libpng.vcxproj", "{A4FC257C-822E-24F0-7F94-A37F1B7F1AA8}"
EndProject
Project("{8BC9CEB8-8B4A-11D0-8D11-00A0C91BC942}") = "angle_util", "..\..\util\angle_util.vcxproj", "{4EAA80DA-F8F8-25A8-6390-41B9A809FEFC}"
	ProjectSection(ProjectDependencies) = postProject
		{B57040E7-2782-799E-836B-97555FA06277} = {B57040E7-2782-799E-836B-97555FA06277}
		{04B0A7C9-29E3-04AD-68BB-FE4B767E4399} = {04B0A7C9-29E3-04AD-68BB-FE4B767E4399}
	EndProjectSection
EndProject
Project("{8BC9CEB8-8B4A-11D0-8D11-00A0C91BC942}") = "angle_zlib", "angle_zlib.vcxproj", "{4C891E2F-BFA5-77AE-2222-8FD86CC3E542}"
EndProject
Project("{8BC9CEB8-8B4A-11D0-8D11-00A0C91BC942}") = "commit_id", "..\commit_id.vcxproj", "{71EF2F6B-6367-30FF-A8B3-392EBEDA26A2}"
	ProjectSection(ProjectDependencies) = postProject
		{ED0A7434-1C73-0666-988E-E71578528EDB} = {ED0A7434-1C73-0666-988E-E71578528EDB}
	EndProjectSection
EndProject
Project("{8BC9CEB8-8B4A-11D0-8D11-00A0C91BC942}") = "copy_scripts", "..\copy_scripts.vcxproj", "{ED0A7434-1C73-0666-988E-E71578528EDB}"
EndProject
Project("{8BC9CEB8-8B4A-11D0-8D11-00A0C91BC942}") = "libANGLE", "..\libANGLE.vcxproj", "{141F497D-6DDF-00D4-E8F2-D46A16CC5DC2}"
	ProjectSection(ProjectDependencies) = postProject
		{71EF2F6B-6367-30FF-A8B3-392EBEDA26A2} = {71EF2F6B-6367-30FF-A8B3-392EBEDA26A2}
	EndProjectSection
EndProject
Project("{8BC9CEB8-8B4A-11D0-8D11-00A0C91BC942}") = "libEGL", "..\libEGL.vcxproj", "{B57040E7-2782-799E-836B-97555FA06277}"
	ProjectSection(ProjectDependencies) = postProject
		{141F497D-6DDF-00D4-E8F2-D46A16CC5DC2} = {141F497D-6DDF-00D4-E8F2-D46A16CC5DC2}
		{04B0A7C9-29E3-04AD-68BB-FE4B767E4399} = {04B0A7C9-29E3-04AD-68BB-FE4B767E4399}
		{DE8BF523-70A1-7CAE-67FD-AAC00F14401D} = {DE8BF523-70A1-7CAE-67FD-AAC00F14401D}
		{53248469-3A08-D978-02DF-1F2C43A7D1CE} = {53248469-3A08-D978-02DF-1F2C43A7D1CE}
		{13A13E92-063E-C5CB-08AF-96DFF9FE0FE9} = {13A13E92-063E-C5CB-08AF-96DFF9FE0FE9}
		{5442C93D-0283-2C1B-09AE-11AC691C0A3C} = {5442C93D-0283-2C1B-09AE-11AC691C0A3C}
		{71EF2F6B-6367-30FF-A8B3-392EBEDA26A2} = {71EF2F6B-6367-30FF-A8B3-392EBEDA26A2}
		{94B3804A-224C-8CC9-144E-1B23A94AA7F8} = {94B3804A-224C-8CC9-144E-1B23A94AA7F8}
	EndProjectSection
EndProject
Project("{8BC9CEB8-8B4A-11D0-8D11-00A0C91BC942}") = "libGLESv2", "..\libGLESv2.vcxproj", "{04B0A7C9-29E3-04AD-68BB-FE4B767E4399}"
	ProjectSection(ProjectDependencies) = postProject
		{141F497D-6DDF-00D4-E8F2-D46A16CC5DC2} = {141F497D-6DDF-00D4-E8F2-D46A16CC5DC2}
		{5442C93D-0283-2C1B-09AE-11AC691C0A3C} = {5442C93D-0283-2C1B-09AE-11AC691C0A3C}
		{DE8BF523-70A1-7CAE-67FD-AAC00F14401D} = {DE8BF523-70A1-7CAE-67FD-AAC00F14401D}
		{53248469-3A08-D978-02DF-1F2C43A7D1CE} = {53248469-3A08-D978-02DF-1F2C43A7D1CE}
		{13A13E92-063E-C5CB-08AF-96DFF9FE0FE9} = {13A13E92-063E-C5CB-08AF-96DFF9FE0FE9}
		{71EF2F6B-6367-30FF-A8B3-392EBEDA26A2} = {71EF2F6B-6367-30FF-A8B3-392EBEDA26A2}
		{94B3804A-224C-8CC9-144E-1B23A94AA7F8} = {94B3804A-224C-8CC9-144E-1B23A94AA7F8}
	EndProjectSection
EndProject
Project("{8BC9CEB8-8B4A-11D0-8D11-00A0C91BC942}") = "preprocessor", "..\preprocessor.vcxproj", "{13A13E92-063E-C5CB-08AF-96DFF9FE0FE9}"
EndProject
Project("{8BC9CEB8-8B4A-11D0-8D11-00A0C91BC942}") = "translator_lib", "..\translator_lib.vcxproj", "{53248469-3A08-D978-02DF-1F2C43A7D1CE}"
EndProject
Project("{8BC9CEB8-8B4A-11D0-8D11-00A0C91BC942}") = "translator_static", "..\translator_static.vcxproj", "{DE8BF523-70A1-7CAE-67FD-AAC00F14401D}"
EndProject
Global
	GlobalSection(SolutionConfigurationPlatforms) = preSolution
		Debug|ARM = Debug|ARM
		Debug|Win32 = Debug|Win32
		Release|ARM = Release|ARM
		Release|Win32 = Release|Win32
	EndGlobalSection
	GlobalSection(ProjectConfigurationPlatforms) = postSolution
		{04B0A7C9-29E3-04AD-68BB-FE4B767E4399}.Debug|ARM.ActiveCfg = Debug|ARM
		{04B0A7C9-29E3-04AD-68BB-FE4B767E4399}.Debug|ARM.Build.0 = Debug|ARM
		{04B0A7C9-29E3-04AD-68BB-FE4B767E4399}.Debug|Win32.ActiveCfg = Debug|Win32
		{04B0A7C9-29E3-04AD-68BB-FE4B767E4399}.Debug|Win32.Build.0 = Debug|Win32
		{04B0A7C9-29E3-04AD-68BB-FE4B767E4399}.Release|ARM.ActiveCfg = Release|ARM
		{04B0A7C9-29E3-04AD-68BB-FE4B767E4399}.Release|ARM.Build.0 = Release|ARM
		{04B0A7C9-29E3-04AD-68BB-FE4B767E4399}.Release|Win32.ActiveCfg = Release|Win32
		{04B0A7C9-29E3-04AD-68BB-FE4B767E4399}.Release|Win32.Build.0 = Release|Win32
		{05D1C7D1-7C77-D31D-AE5F-0908B67A48EA}.Debug|ARM.ActiveCfg = Debug|ARM
		{05D1C7D1-7C77-D31D-AE5F-0908B67A48EA}.Debug|ARM.Build.0 = Debug|ARM
		{05D1C7D1-7C77-D31D-AE5F-0908B67A48EA}.Debug|Win32.ActiveCfg = Debug|Win32
		{05D1C7D1-7C77-D31D-AE5F-0908B67A48EA}.Debug|Win32.Build.0 = Debug|Win32
		{05D1C7D1-7C77-D31D-AE5F-0908B67A48EA}.Release|ARM.ActiveCfg = Release|ARM
		{05D1C7D1-7C77-D31D-AE5F-0908B67A48EA}.Release|ARM.Build.0 = Release|ARM
		{05D1C7D1-7C77-D31D-AE5F-0908B67A48EA}.Release|Win32.ActiveCfg = Release|Win32
		{05D1C7D1-7C77-D31D-AE5F-0908B67A48EA}.Release|Win32.Build.0 = Release|Win32
		{13A13E92-063E-C5CB-08AF-96DFF9FE0FE9}.Debug|ARM.ActiveCfg = Debug|ARM
		{13A13E92-063E-C5CB-08AF-96DFF9FE0FE9}.Debug|ARM.Build.0 = Debug|ARM
		{13A13E92-063E-C5CB-08AF-96DFF9FE0FE9}.Debug|Win32.ActiveCfg = Debug|Win32
		{13A13E92-063E-C5CB-08AF-96DFF9FE0FE9}.Debug|Win32.Build.0 = Debug|Win32
		{13A13E92-063E-C5CB-08AF-96DFF9FE0FE9}.Release|ARM.ActiveCfg = Release|ARM
		{13A13E92-063E-C5CB-08AF-96DFF9FE0FE9}.Release|ARM.Build.0 = Release|ARM
		{13A13E92-063E-C5CB-08AF-96DFF9FE0FE9}.Release|Win32.ActiveCfg = Release|Win32
		{13A13E92-063E-C5CB-08AF-96DFF9FE0FE9}.Release|Win32.Build.0 = Release|Win32
		{141F497D-6DDF-00D4-E8F2-D46A16CC5DC2}.Debug|ARM.ActiveCfg = Debug|ARM
		{141F497D-6DDF-00D4-E8F2-D46A16CC5DC2}.Debug|ARM.Build.0 = Debug|ARM
		{141F497D-6DDF-00D4-E8F2-D46A16CC5DC2}.Debug|Win32.ActiveCfg = Debug|Win32
		{141F497D-6DDF-00D4-E8F2-D46A16CC5DC2}.Debug|Win32.Build.0 = Debug|Win32
		{141F497D-6DDF-00D4-E8F2-D46A16CC5DC2}.Release|ARM.ActiveCfg = Release|ARM
		{141F497D-6DDF-00D4-E8F2-D46A16CC5DC2}.Release|ARM.Build.0 = Release|ARM
		{141F497D-6DDF-00D4-E8F2-D46A16CC5DC2}.Release|Win32.ActiveCfg = Release|Win32
		{141F497D-6DDF-00D4-E8F2-D46A16CC5DC2}.Release|Win32.Build.0 = Release|Win32
		{31046A8F-B054-526F-B7F2-883D7C627972}.Debug|ARM.ActiveCfg = Debug|ARM
		{31046A8F-B054-526F-B7F2-883D7C627972}.Debug|ARM.Build.0 = Debug|ARM
		{31046A8F-B054-526F-B7F2-883D7C627972}.Debug|Win32.ActiveCfg = Debug|Win32
		{31046A8F-B054-526F-B7F2-883D7C627972}.Debug|Win32.Build.0 = Debug|Win32
		{31046A8F-B054-526F-B7F2-883D7C627972}.Release|ARM.ActiveCfg = Release|ARM
		{31046A8F-B054-526F-B7F2-883D7C627972}.Release|ARM.Build.0 = Release|ARM
		{31046A8F-B054-526F-B7F2-883D7C627972}.Release|Win32.ActiveCfg = Release|Win32
		{31046A8F-B054-526F-B7F2-883D7C627972}.Release|Win32.Build.0 = Release|Win32
		{4C891E2F-BFA5-77AE-2222-8FD86CC3E542}.Debug|ARM.ActiveCfg = Debug|ARM
		{4C891E2F-BFA5-77AE-2222-8FD86CC3E542}.Debug|ARM.Build.0 = Debug|ARM
		{4C891E2F-BFA5-77AE-2222-8FD86CC3E542}.Debug|Win32.ActiveCfg = Debug|Win32
		{4C891E2F-BFA5-77AE-2222-8FD86CC3E542}.Debug|Win32.Build.0 = Debug|Win32
		{4C891E2F-BFA5-77AE-2222-8FD86CC3E542}.Release|ARM.ActiveCfg = Release|ARM
		{4C891E2F-BFA5-77AE-2222-8FD86CC3E542}.Release|ARM.Build.0 = Release|ARM
		{4C891E2F-BFA5-77AE-2222-8FD86CC3E542}.Release|Win32.ActiveCfg = Release|Win32
		{4C891E2F-BFA5-77AE-2222-8FD86CC3E542}.Release|Win32.Build.0 = Release|Win32
		{4EAA80DA-F8F8-25A8-6390-41B9A809FEFC}.Debug|ARM.ActiveCfg = Debug|ARM
		{4EAA80DA-F8F8-25A8-6390-41B9A809FEFC}.Debug|ARM.Build.0 = Debug|ARM
		{4EAA80DA-F8F8-25A8-6390-41B9A809FEFC}.Debug|Win32.ActiveCfg = Debug|Win32
		{4EAA80DA-F8F8-25A8-6390-41B9A809FEFC}.Debug|Win32.Build.0 = Debug|Win32
		{4EAA80DA-F8F8-25A8-6390-41B9A809FEFC}.Release|ARM.ActiveCfg = Release|ARM
		{4EAA80DA-F8F8-25A8-6390-41B9A809FEFC}.Release|ARM.Build.0 = Release|ARM
		{4EAA80DA-F8F8-25A8-6390-41B9A809FEFC}.Release|Win32.ActiveCfg = Release|Win32
		{4EAA80DA-F8F8-25A8-6390-41B9A809FEFC}.Release|Win32.Build.0 = Release|Win32
		{529FEBEF-6E00-2E3D-12DB-B83B799FCD17}.Debug|ARM.ActiveCfg = Debug|ARM
		{529FEBEF-6E00-2E3D-12DB-B83B799FCD17}.Debug|ARM.Build.0 = Debug|ARM
		{529FEBEF-6E00-2E3D-12DB-B83B799FCD17}.Debug|Win32.ActiveCfg = Debug|Win32
		{529FEBEF-6E00-2E3D-12DB-B83B799FCD17}.Debug|Win32.Build.0 = Debug|Win32
		{529FEBEF-6E00-2E3D-12DB-B83B799FCD17}.Release|ARM.ActiveCfg = Release|ARM
		{529FEBEF-6E00-2E3D-12DB-B83B799FCD17}.Release|ARM.Build.0 = Release|ARM
		{529FEBEF-6E00-2E3D-12DB-B83B799FCD17}.Release|Win32.ActiveCfg = Release|Win32
		{529FEBEF-6E00-2E3D-12DB-B83B799FCD17}.Release|Win32.Build.0 = Release|Win32
		{53248469-3A08-D978-02DF-1F2C43A7D1CE}.Debug|ARM.ActiveCfg = Debug|ARM
		{53248469-3A08-D978-02DF-1F2C43A7D1CE}.Debug|ARM.Build.0 = Debug|ARM
		{53248469-3A08-D978-02DF-1F2C43A7D1CE}.Debug|Win32.ActiveCfg = Debug|Win32
		{53248469-3A08-D978-02DF-1F2C43A7D1CE}.Debug|Win32.Build.0 = Debug|Win32
		{53248469-3A08-D978-02DF-1F2C43A7D1CE}.Release|ARM.ActiveCfg = Release|ARM
		{53248469-3A08-D978-02DF-1F2C43A7D1CE}.Release|ARM.Build.0 = Release|ARM
		{53248469-3A08-D978-02DF-1F2C43A7D1CE}.Release|Win32.ActiveCfg = Release|Win32
		{53248469-3A08-D978-02DF-1F2C43A7D1CE}.Release|Win32.Build.0 = Release|Win32
		{5442C93D-0283-2C1B-09AE-11AC691C0A3C}.Debug|ARM.ActiveCfg = Debug|ARM
		{5442C93D-0283-2C1B-09AE-11AC691C0A3C}.Debug|ARM.Build.0 = Debug|ARM
		{5442C93D-0283-2C1B-09AE-11AC691C0A3C}.Debug|Win32.ActiveCfg = Debug|Win32
		{5442C93D-0283-2C1B-09AE-11AC691C0A3C}.Debug|Win32.Build.0 = Debug|Win32
		{5442C93D-0283-2C1B-09AE-11AC691C0A3C}.Release|ARM.ActiveCfg = Release|ARM
		{5442C93D-0283-2C1B-09AE-11AC691C0A3C}.Release|ARM.Build.0 = Release|ARM
		{5442C93D-0283-2C1B-09AE-11AC691C0A3C}.Release|Win32.ActiveCfg = Release|Win32
		{5442C93D-0283-2C1B-09AE-11AC691C0A3C}.Release|Win32.Build.0 = Release|Win32
		{584930F2-7FE0-6F1A-FD7B-3D2DA5A32F44}.Debug|ARM.ActiveCfg = Debug|ARM
		{584930F2-7FE0-6F1A-FD7B-3D2DA5A32F44}.Debug|ARM.Build.0 = Debug|ARM
		{584930F2-7FE0-6F1A-FD7B-3D2DA5A32F44}.Debug|Win32.ActiveCfg = Debug|Win32
		{584930F2-7FE0-6F1A-FD7B-3D2DA5A32F44}.Debug|Win32.Build.0 = Debug|Win32
		{584930F2-7FE0-6F1A-FD7B-3D2DA5A32F44}.Release|ARM.ActiveCfg = Release|ARM
		{584930F2-7FE0-6F1A-FD7B-3D2DA5A32F44}.Release|ARM.Build.0 = Release|ARM
		{584930F2-7FE0-6F1A-FD7B-3D2DA5A32F44}.Release|Win32.ActiveCfg = Release|Win32
		{584930F2-7FE0-6F1A-FD7B-3D2DA5A32F44}.Release|Win32.Build.0 = Release|Win32
		{71EF2F6B-6367-30FF-A8B3-392EBEDA26A2}.Debug|ARM.ActiveCfg = Debug|ARM
		{71EF2F6B-6367-30FF-A8B3-392EBEDA26A2}.Debug|ARM.Build.0 = Debug|ARM
		{71EF2F6B-6367-30FF-A8B3-392EBEDA26A2}.Debug|Win32.ActiveCfg = Debug|Win32
		{71EF2F6B-6367-30FF-A8B3-392EBEDA26A2}.Debug|Win32.Build.0 = Debug|Win32
		{71EF2F6B-6367-30FF-A8B3-392EBEDA26A2}.Release|ARM.ActiveCfg = Release|ARM
		{71EF2F6B-6367-30FF-A8B3-392EBEDA26A2}.Release|ARM.Build.0 = Release|ARM
		{71EF2F6B-6367-30FF-A8B3-392EBEDA26A2}.Release|Win32.ActiveCfg = Release|Win32
		{71EF2F6B-6367-30FF-A8B3-392EBEDA26A2}.Release|Win32.Build.0 = Release|Win32
		{94B3804A-224C-8CC9-144E-1B23A94AA7F8}.Debug|ARM.ActiveCfg = Debug|ARM
		{94B3804A-224C-8CC9-144E-1B23A94AA7F8}.Debug|ARM.Build.0 = Debug|ARM
		{94B3804A-224C-8CC9-144E-1B23A94AA7F8}.Debug|Win32.ActiveCfg = Debug|Win32
		{94B3804A-224C-8CC9-144E-1B23A94AA7F8}.Debug|Win32.Build.0 = Debug|Win32
		{94B3804A-224C-8CC9-144E-1B23A94AA7F8}.Release|ARM.ActiveCfg = Release|ARM
		{94B3804A-224C-8CC9-144E-1B23A94AA7F8}.Release|ARM.Build.0 = Release|ARM
		{94B3804A-224C-8CC9-144E-1B23A94AA7F8}.Release|Win32.ActiveCfg = Release|Win32
		{94B3804A-224C-8CC9-144E-1B23A94AA7F8}.Release|Win32.Build.0 = Release|Win32
		{9757F341-975F-7DDE-0DC2-CDBC960F8A2D}.Debug|ARM.ActiveCfg = Debug|ARM
		{9757F341-975F-7DDE-0DC2-CDBC960F8A2D}.Debug|ARM.Build.0 = Debug|ARM
		{9757F341-975F-7DDE-0DC2-CDBC960F8A2D}.Debug|Win32.ActiveCfg = Debug|Win32
		{9757F341-975F-7DDE-0DC2-CDBC960F8A2D}.Debug|Win32.Build.0 = Debug|Win32
		{9757F341-975F-7DDE-0DC2-CDBC960F8A2D}.Release|ARM.ActiveCfg = Release|ARM
		{9757F341-975F-7DDE-0DC2-CDBC960F8A2D}.Release|ARM.Build.0 = Release|ARM
		{9757F341-975F-7DDE-0DC2-CDBC960F8A2D}.Release|Win32.ActiveCfg = Release|Win32
		{9757F341-975F-7DDE-0DC2-CDBC960F8A2D}.Release|Win32.Build.0 = Release|Win32
		{A4FC257C-822E-24F0-7F94-A37F1B7F1AA8}.Debug|ARM.ActiveCfg = Debug|ARM
		{A4FC257C-822E-24F0-7F94-A37F1B7F1AA8}.Debug|ARM.Build.0 = Debug|ARM
		{A4FC257C-822E-24F0-7F94-A37F1B7F1AA8}.Debug|Win32.ActiveCfg = Debug|Win32
		{A4FC257C-822E-24F0-7F94-A37F1B7F1AA8}.Debug|Win32.Build.0 = Debug|Win32
		{A4FC257C-822E-24F0-7F94-A37F1B7F1AA8}.Release|ARM.ActiveCfg = Release|ARM
		{A4FC257C-822E-24F0-7F94-A37F1B7F1AA8}.Release|ARM.Build.0 = Release|ARM
		{A4FC257C-822E-24F0-7F94-A37F1B7F1AA8}.Release|Win32.ActiveCfg = Release|Win32
		{A4FC257C-822E-24F0-7F94-A37F1B7F1AA8}.Release|Win32.Build.0 = Release|Win32
		{B57040E7-2782-799E-836B-97555FA06277}.Debug|ARM.ActiveCfg = Debug|ARM
		{B57040E7-2782-799E-836B-97555FA06277}.Debug|ARM.Build.0 = Debug|ARM
		{B57040E7-2782-799E-836B-97555FA06277}.Debug|Win32.ActiveCfg = Debug|Win32
		{B57040E7-2782-799E-836B-97555FA06277}.Debug|Win32.Build.0 = Debug|Win32
		{B57040E7-2782-799E-836B-97555FA06277}.Release|ARM.ActiveCfg = Release|ARM
		{B57040E7-2782-799E-836B-97555FA06277}.Release|ARM.Build.0 = Release|ARM
		{B57040E7-2782-799E-836B-97555FA06277}.Release|Win32.ActiveCfg = Release|Win32
		{B57040E7-2782-799E-836B-97555FA06277}.Release|Win32.Build.0 = Release|Win32
		{CAC04879-B491-33AF-13D2-575FC5529FA9}.Debug|ARM.ActiveCfg = Debug|ARM
		{CAC04879-B491-33AF-13D2-575FC5529FA9}.Debug|ARM.Build.0 = Debug|ARM
		{CAC04879-B491-33AF-13D2-575FC5529FA9}.Debug|Win32.ActiveCfg = Debug|Win32
		{CAC04879-B491-33AF-13D2-575FC5529FA9}.Debug|Win32.Build.0 = Debug|Win32
		{CAC04879-B491-33AF-13D2-575FC5529FA9}.Release|ARM.ActiveCfg = Release|ARM
		{CAC04879-B491-33AF-13D2-575FC5529FA9}.Release|ARM.Build.0 = Release|ARM
		{CAC04879-B491-33AF-13D2-575FC5529FA9}.Release|Win32.ActiveCfg = Release|Win32
		{CAC04879-B491-33AF-13D2-575FC5529FA9}.Release|Win32.Build.0 = Release|Win32
		{DE8BF523-70A1-7CAE-67FD-AAC00F14401D}.Debug|ARM.ActiveCfg = Debug|ARM
		{DE8BF523-70A1-7CAE-67FD-AAC00F14401D}.Debug|ARM.Build.0 = Debug|ARM
		{DE8BF523-70A1-7CAE-67FD-AAC00F14401D}.Debug|Win32.ActiveCfg = Debug|Win32
		{DE8BF523-70A1-7CAE-67FD-AAC00F14401D}.Debug|Win32.Build.0 = Debug|Win32
		{DE8BF523-70A1-7CAE-67FD-AAC00F14401D}.Release|ARM.ActiveCfg = Release|ARM
		{DE8BF523-70A1-7CAE-67FD-AAC00F14401D}.Release|ARM.Build.0 = Release|ARM
		{DE8BF523-70A1-7CAE-67FD-AAC00F14401D}.Release|Win32.ActiveCfg = Release|Win32
		{DE8BF523-70A1-7CAE-67FD-AAC00F14401D}.Release|Win32.Build.0 = Release|Win32
		{E87CD995-1677-8D29-7507-72DB129F9B1E}.Debug|ARM.ActiveCfg = Debug|ARM
		{E87CD995-1677-8D29-7507-72DB129F9B1E}.Debug|ARM.Build.0 = Debug|ARM
		{E87CD995-1677-8D29-7507-72DB129F9B1E}.Debug|Win32.ActiveCfg = Debug|Win32
		{E87CD995-1677-8D29-7507-72DB129F9B1E}.Debug|Win32.Build.0 = Debug|Win32
		{E87CD995-1677-8D29-7507-72DB129F9B1E}.Release|ARM.ActiveCfg = Release|ARM
		{E87CD995-1677-8D29-7507-72DB129F9B1E}.Release|ARM.Build.0 = Release|ARM
		{E87CD995-1677-8D29-7507-72DB129F9B1E}.Release|Win32.ActiveCfg = Release|Win32
		{E87CD995-1677-8D29-7507-72DB129F9B1E}.Release|Win32.Build.0 = Release|Win32
		{ED0A7434-1C73-0666-988E-E71578528EDB}.Debug|ARM.ActiveCfg = Debug|ARM
		{ED0A7434-1C73-0666-988E-E71578528EDB}.Debug|ARM.Build.0 = Debug|ARM
		{ED0A7434-1C73-0666-988E-E71578528EDB}.Debug|Win32.ActiveCfg = Debug|Win32
		{ED0A7434-1C73-0666-988E-E71578528EDB}.Debug|Win32.Build.0 = Debug|Win32
		{ED0A7434-1C73-0666-988E-E71578528EDB}.Release|ARM.ActiveCfg = Release|ARM
		{ED0A7434-1C73-0666-988E-E71578528EDB}.Release|ARM.Build.0 = Release|ARM
		{ED0A7434-1C73-0666-988E-E71578528EDB}.Release|Win32.ActiveCfg = Release|Win32
		{ED0A7434-1C73-0666-988E-E71578528EDB}.Release|Win32.Build.0 = Release|Win32
	EndGlobalSection
	GlobalSection(SolutionProperties) = preSolution
		HideSolutionNode = FALSE
	EndGlobalSection
EndGlobal
